
Microsoft Visual Studio Solution File, Format Version 12.00
# Visual Studio 15
VisualStudioVersion = 15.0.26403.0
MinimumVisualStudioVersion = 10.0.40219.1
Project("{FAE04EC0-301F-11D3-BF4B-00C04F79EFBC}") = "PEFile", "PEFile\PEFile.csproj", "{D282C9B2-E4A1-4E14-AF44-61D0D2221F63}"
EndProject
Project("{FAE04EC0-301F-11D3-BF4B-00C04F79EFBC}") = "PEFile.Tests", "PEFile.Tests\PEFile.Tests.csproj", "{29BCCBE3-9D9F-4EF6-9B49-B33C0672EC20}"
EndProject
Global
	GlobalSection(SolutionConfigurationPlatforms) = preSolution
		Debug|Any CPU = Debug|Any CPU
		Release|Any CPU = Release|Any CPU
	EndGlobalSection
	GlobalSection(ProjectConfigurationPlatforms) = postSolution
		{D282C9B2-E4A1-4E14-AF44-61D0D2221F63}.Debug|Any CPU.ActiveCfg = Debug|Any CPU
		{D282C9B2-E4A1-4E14-AF44-61D0D2221F63}.Debug|Any CPU.Build.0 = Debug|Any CPU
		{D282C9B2-E4A1-4E14-AF44-61D0D2221F63}.Release|Any CPU.ActiveCfg = Release|Any CPU
		{D282C9B2-E4A1-4E14-AF44-61D0D2221F63}.Release|Any CPU.Build.0 = Release|Any CPU
		{29BCCBE3-9D9F-4EF6-9B49-B33C0672EC20}.Debug|Any CPU.ActiveCfg = Debug|Any CPU
		{29BCCBE3-9D9F-4EF6-9B49-B33C0672EC20}.Debug|Any CPU.Build.0 = Debug|Any CPU
		{29BCCBE3-9D9F-4EF6-9B49-B33C0672EC20}.Release|Any CPU.ActiveCfg = Release|Any CPU
		{29BCCBE3-9D9F-4EF6-9B49-B33C0672EC20}.Release|Any CPU.Build.0 = Release|Any CPU
	EndGlobalSection
	GlobalSection(SolutionProperties) = preSolution
		HideSolutionNode = FALSE
	EndGlobalSection
EndGlobal
